
Microsoft Visual Studio Solution File, Format Version 12.00
# Visual Studio Version 16
VisualStudioVersion = 16.0.31515.178
MinimumVisualStudioVersion = 10.0.40219.1
Project("{FAE04EC0-301F-11D3-BF4B-00C04F79EFBC}") = "Bcdl.UnitTests", "Bcdl.UnitTests\Bcdl.UnitTests.csproj", "{DA30FD6E-5738-4892-A7DA-E4931A679BBB}"
EndProject
Project("{FAE04EC0-301F-11D3-BF4B-00C04F79EFBC}") = "Bcdl.IntegrationTests", "Bcdl.IntegrationTests\Bcdl.IntegrationTests.csproj", "{DA2C3579-12D6-43FC-A4B5-5ABC4EAA0FC3}"
EndProject
Project("{FAE04EC0-301F-11D3-BF4B-00C04F79EFBC}") = "Bcdl.UI", "Bcdl.UI\Bcdl.UI.csproj", "{A646B1F8-7567-44DC-91B8-6C4979444AB0}"
EndProject
Project("{FAE04EC0-301F-11D3-BF4B-00C04F79EFBC}") = "Bcdl.Downloader", "Bcdl.Downloader\Bcdl.Downloader.csproj", "{510FB249-C006-4BDF-9F66-3F638D38AD5C}"
EndProject
Project("{FAE04EC0-301F-11D3-BF4B-00C04F79EFBC}") = "Bcdl.Console", "Bcdl.Console\Bcdl.Console.csproj", "{6535F210-3AE6-46D1-A1BB-4B43A6FA883D}"
EndProject
Global
	GlobalSection(SolutionConfigurationPlatforms) = preSolution
		Debug|Any CPU = Debug|Any CPU
		Release|Any CPU = Release|Any CPU
	EndGlobalSection
	GlobalSection(ProjectConfigurationPlatforms) = postSolution
		{DA30FD6E-5738-4892-A7DA-E4931A679BBB}.Debug|Any CPU.ActiveCfg = Debug|Any CPU
		{DA30FD6E-5738-4892-A7DA-E4931A679BBB}.Debug|Any CPU.Build.0 = Debug|Any CPU
		{DA30FD6E-5738-4892-A7DA-E4931A679BBB}.Release|Any CPU.ActiveCfg = Release|Any CPU
		{DA30FD6E-5738-4892-A7DA-E4931A679BBB}.Release|Any CPU.Build.0 = Release|Any CPU
		{DA2C3579-12D6-43FC-A4B5-5ABC4EAA0FC3}.Debug|Any CPU.ActiveCfg = Debug|Any CPU
		{DA2C3579-12D6-43FC-A4B5-5ABC4EAA0FC3}.Debug|Any CPU.Build.0 = Debug|Any CPU
		{DA2C3579-12D6-43FC-A4B5-5ABC4EAA0FC3}.Release|Any CPU.ActiveCfg = Release|Any CPU
		{DA2C3579-12D6-43FC-A4B5-5ABC4EAA0FC3}.Release|Any CPU.Build.0 = Release|Any CPU
		{A646B1F8-7567-44DC-91B8-6C4979444AB0}.Debug|Any CPU.ActiveCfg = Debug|Any CPU
		{A646B1F8-7567-44DC-91B8-6C4979444AB0}.Debug|Any CPU.Build.0 = Debug|Any CPU
		{A646B1F8-7567-44DC-91B8-6C4979444AB0}.Release|Any CPU.ActiveCfg = Release|Any CPU
		{A646B1F8-7567-44DC-91B8-6C4979444AB0}.Release|Any CPU.Build.0 = Release|Any CPU
		{510FB249-C006-4BDF-9F66-3F638D38AD5C}.Debug|Any CPU.ActiveCfg = Debug|Any CPU
		{510FB249-C006-4BDF-9F66-3F638D38AD5C}.Debug|Any CPU.Build.0 = Debug|Any CPU
		{510FB249-C006-4BDF-9F66-3F638D38AD5C}.Release|Any CPU.ActiveCfg = Release|Any CPU
		{510FB249-C006-4BDF-9F66-3F638D38AD5C}.Release|Any CPU.Build.0 = Release|Any CPU
		{6535F210-3AE6-46D1-A1BB-4B43A6FA883D}.Debug|Any CPU.ActiveCfg = Debug|Any CPU
		{6535F210-3AE6-46D1-A1BB-4B43A6FA883D}.Debug|Any CPU.Build.0 = Debug|Any CPU
		{6535F210-3AE6-46D1-A1BB-4B43A6FA883D}.Release|Any CPU.ActiveCfg = Release|Any CPU
		{6535F210-3AE6-46D1-A1BB-4B43A6FA883D}.Release|Any CPU.Build.0 = Release|Any CPU
	EndGlobalSection
	GlobalSection(SolutionProperties) = preSolution
		HideSolutionNode = FALSE
	EndGlobalSection
	GlobalSection(ExtensibilityGlobals) = postSolution
		SolutionGuid = {C50CD3F6-F93D-48CC-8AE4-9E05B6094D42}
	EndGlobalSection
EndGlobal
